// !$*UTF8*$!
{
	archiveVersion = 1;
	classes = {
	};
	objectVersion = 77;
	objects = {

/* Begin PBXBuildFile section */
		7DE01E0E2D9B527400D245B4 /* FirebaseCore in Frameworks */ = {isa = PBXBuildFile; productRef = 7DE01E0D2D9B527400D245B4 /* FirebaseCore */; };
		7DE01E102D9B52AC00D245B4 /* FirebaseFirestore in Frameworks */ = {isa = PBXBuildFile; productRef = 7DE01E0F2D9B52AC00D245B4 /* FirebaseFirestore */; };
		7DE01E122D9B52AC00D245B4 /* FirebaseFunctions in Frameworks */ = {isa = PBXBuildFile; productRef = 7DE01E112D9B52AC00D245B4 /* FirebaseFunctions */; };
		7DE01E142D9B52AC00D245B4 /* FirebaseStorage in Frameworks */ = {isa = PBXBuildFile; productRef = 7DE01E132D9B52AC00D245B4 /* FirebaseStorage */; };
		97FFE39F2DA4840D001578B6 /* FirebaseAuth in Frameworks */ = {isa = PBXBuildFile; productRef = 97FFE39E2DA4840D001578B6 /* FirebaseAuth */; };
		97FFE3A12DA48479001578B6 /* FirebaseAnalytics in Frameworks */ = {isa = PBXBuildFile; productRef = 97FFE3A02DA48479001578B6 /* FirebaseAnalytics */; };
		97FFE3A32DA48479001578B6 /* FirebaseAnalyticsOnDeviceConversion in Frameworks */ = {isa = PBXBuildFile; productRef = 97FFE3A22DA48479001578B6 /* FirebaseAnalyticsOnDeviceConversion */; };
		97FFE3A52DA48479001578B6 /* FirebaseAnalyticsWithoutAdIdSupport in Frameworks */ = {isa = PBXBuildFile; productRef = 97FFE3A42DA48479001578B6 /* FirebaseAnalyticsWithoutAdIdSupport */; };
		97FFE3A72DA48479001578B6 /* FirebaseAppCheck in Frameworks */ = {isa = PBXBuildFile; productRef = 97FFE3A62DA48479001578B6 /* FirebaseAppCheck */; };
		97FFE3A92DA48479001578B6 /* FirebaseAppDistribution-Beta in Frameworks */ = {isa = PBXBuildFile; productRef = 97FFE3A82DA48479001578B6 /* FirebaseAppDistribution-Beta */; };
		97FFE3AB2DA48479001578B6 /* FirebaseAuthCombine-Community in Frameworks */ = {isa = PBXBuildFile; productRef = 97FFE3AA2DA48479001578B6 /* FirebaseAuthCombine-Community */; };
		97FFE3AD2DA48479001578B6 /* FirebaseCrashlytics in Frameworks */ = {isa = PBXBuildFile; productRef = 97FFE3AC2DA48479001578B6 /* FirebaseCrashlytics */; };
		97FFE3AF2DA48479001578B6 /* FirebaseDatabase in Frameworks */ = {isa = PBXBuildFile; productRef = 97FFE3AE2DA48479001578B6 /* FirebaseDatabase */; };
		97FFE3B12DA48479001578B6 /* FirebaseDynamicLinks in Frameworks */ = {isa = PBXBuildFile; productRef = 97FFE3B02DA48479001578B6 /* FirebaseDynamicLinks */; };
		97FFE3B32DA48479001578B6 /* FirebaseFirestoreCombine-Community in Frameworks */ = {isa = PBXBuildFile; productRef = 97FFE3B22DA48479001578B6 /* FirebaseFirestoreCombine-Community */; };
		97FFE3B52DA48479001578B6 /* FirebaseFunctionsCombine-Community in Frameworks */ = {isa = PBXBuildFile; productRef = 97FFE3B42DA48479001578B6 /* FirebaseFunctionsCombine-Community */; };
		97FFE3B72DA48479001578B6 /* FirebaseInAppMessaging-Beta in Frameworks */ = {isa = PBXBuildFile; productRef = 97FFE3B62DA48479001578B6 /* FirebaseInAppMessaging-Beta */; };
		97FFE3B92DA48479001578B6 /* FirebaseInstallations in Frameworks */ = {isa = PBXBuildFile; productRef = 97FFE3B82DA48479001578B6 /* FirebaseInstallations */; };
		97FFE3BB2DA48479001578B6 /* FirebaseMLModelDownloader in Frameworks */ = {isa = PBXBuildFile; productRef = 97FFE3BA2DA48479001578B6 /* FirebaseMLModelDownloader */; };
		97FFE3BD2DA48479001578B6 /* FirebaseMessaging in Frameworks */ = {isa = PBXBuildFile; productRef = 97FFE3BC2DA48479001578B6 /* FirebaseMessaging */; };
		97FFE3BF2DA48479001578B6 /* FirebasePerformance in Frameworks */ = {isa = PBXBuildFile; productRef = 97FFE3BE2DA48479001578B6 /* FirebasePerformance */; };
		97FFE3C12DA48479001578B6 /* FirebaseRemoteConfig in Frameworks */ = {isa = PBXBuildFile; productRef = 97FFE3C02DA48479001578B6 /* FirebaseRemoteConfig */; };
		97FFE3C32DA48479001578B6 /* FirebaseStorageCombine-Community in Frameworks */ = {isa = PBXBuildFile; productRef = 97FFE3C22DA48479001578B6 /* FirebaseStorageCombine-Community */; };
		97FFE3C52DA48479001578B6 /* FirebaseVertexAI in Frameworks */ = {isa = PBXBuildFile; productRef = 97FFE3C42DA48479001578B6 /* FirebaseVertexAI */; };
/* End PBXBuildFile section */

/* Begin PBXContainerItemProxy section */
		7DE01DF02D9B50E600D245B4 /* PBXContainerItemProxy */ = {
			isa = PBXContainerItemProxy;
			containerPortal = 7DE01DD72D9B50E400D245B4 /* Project object */;
			proxyType = 1;
			remoteGlobalIDString = 7DE01DDE2D9B50E400D245B4;
			remoteInfo = BarkBuddy;
		};
		7DE01DFA2D9B50E600D245B4 /* PBXContainerItemProxy */ = {
			isa = PBXContainerItemProxy;
			containerPortal = 7DE01DD72D9B50E400D245B4 /* Project object */;
			proxyType = 1;
			remoteGlobalIDString = 7DE01DDE2D9B50E400D245B4;
			remoteInfo = BarkBuddy;
		};
/* End PBXContainerItemProxy section */

/* Begin PBXFileReference section */
		7DE01DDF2D9B50E400D245B4 /* BarkBuddy.app */ = {isa = PBXFileReference; explicitFileType = wrapper.application; includeInIndex = 0; path = BarkBuddy.app; sourceTree = BUILT_PRODUCTS_DIR; };
		7DE01DEF2D9B50E600D245B4 /* BarkBuddyTests.xctest */ = {isa = PBXFileReference; explicitFileType = wrapper.cfbundle; includeInIndex = 0; path = BarkBuddyTests.xctest; sourceTree = BUILT_PRODUCTS_DIR; };
		7DE01DF92D9B50E600D245B4 /* BarkBuddyUITests.xctest */ = {isa = PBXFileReference; explicitFileType = wrapper.cfbundle; includeInIndex = 0; path = BarkBuddyUITests.xctest; sourceTree = BUILT_PRODUCTS_DIR; };
/* End PBXFileReference section */

/* Begin PBXFileSystemSynchronizedRootGroup section */
		7DE01DE12D9B50E400D245B4 /* BarkBuddy */ = {
			isa = PBXFileSystemSynchronizedRootGroup;
			path = BarkBuddy;
			sourceTree = "<group>";
		};
		7DE01DF22D9B50E600D245B4 /* BarkBuddyTests */ = {
			isa = PBXFileSystemSynchronizedRootGroup;
			path = BarkBuddyTests;
			sourceTree = "<group>";
		};
		7DE01DFC2D9B50E600D245B4 /* BarkBuddyUITests */ = {
			isa = PBXFileSystemSynchronizedRootGroup;
			path = BarkBuddyUITests;
			sourceTree = "<group>";
		};
/* End PBXFileSystemSynchronizedRootGroup section */

/* Begin PBXFrameworksBuildPhase section */
		7DE01DDC2D9B50E400D245B4 /* Frameworks */ = {
			isa = PBXFrameworksBuildPhase;
			buildActionMask = 2147483647;
			files = (
				97FFE3AF2DA48479001578B6 /* FirebaseDatabase in Frameworks */,
				97FFE3C52DA48479001578B6 /* FirebaseVertexAI in Frameworks */,
				7DE01E122D9B52AC00D245B4 /* FirebaseFunctions in Frameworks */,
				97FFE39F2DA4840D001578B6 /* FirebaseAuth in Frameworks */,
				97FFE3C32DA48479001578B6 /* FirebaseStorageCombine-Community in Frameworks */,
				97FFE3B92DA48479001578B6 /* FirebaseInstallations in Frameworks */,
				97FFE3B32DA48479001578B6 /* FirebaseFirestoreCombine-Community in Frameworks */,
				97FFE3A12DA48479001578B6 /* FirebaseAnalytics in Frameworks */,
				97FFE3B72DA48479001578B6 /* FirebaseInAppMessaging-Beta in Frameworks */,
				97FFE3A32DA48479001578B6 /* FirebaseAnalyticsOnDeviceConversion in Frameworks */,
				97FFE3B12DA48479001578B6 /* FirebaseDynamicLinks in Frameworks */,
				97FFE3B52DA48479001578B6 /* FirebaseFunctionsCombine-Community in Frameworks */,
				7DE01E142D9B52AC00D245B4 /* FirebaseStorage in Frameworks */,
				97FFE3C12DA48479001578B6 /* FirebaseRemoteConfig in Frameworks */,
				7DE01E0E2D9B527400D245B4 /* FirebaseCore in Frameworks */,
				97FFE3BD2DA48479001578B6 /* FirebaseMessaging in Frameworks */,
				97FFE3BB2DA48479001578B6 /* FirebaseMLModelDownloader in Frameworks */,
				97FFE3BF2DA48479001578B6 /* FirebasePerformance in Frameworks */,
				97FFE3AB2DA48479001578B6 /* FirebaseAuthCombine-Community in Frameworks */,
				7DE01E102D9B52AC00D245B4 /* FirebaseFirestore in Frameworks */,
				97FFE3A92DA48479001578B6 /* FirebaseAppDistribution-Beta in Frameworks */,
				97FFE3AD2DA48479001578B6 /* FirebaseCrashlytics in Frameworks */,
				97FFE3A72DA48479001578B6 /* FirebaseAppCheck in Frameworks */,
				97FFE3A52DA48479001578B6 /* FirebaseAnalyticsWithoutAdIdSupport in Frameworks */,
			);
			runOnlyForDeploymentPostprocessing = 0;
		};
		7DE01DEC2D9B50E600D245B4 /* Frameworks */ = {
			isa = PBXFrameworksBuildPhase;
			buildActionMask = 2147483647;
			files = (
			);
			runOnlyForDeploymentPostprocessing = 0;
		};
		7DE01DF62D9B50E600D245B4 /* Frameworks */ = {
			isa = PBXFrameworksBuildPhase;
			buildActionMask = 2147483647;
			files = (
			);
			runOnlyForDeploymentPostprocessing = 0;
		};
/* End PBXFrameworksBuildPhase section */

/* Begin PBXGroup section */
		7DE01DD62D9B50E400D245B4 = {
			isa = PBXGroup;
			children = (
				7DE01DE12D9B50E400D245B4 /* BarkBuddy */,
				7DE01DF22D9B50E600D245B4 /* BarkBuddyTests */,
				7DE01DFC2D9B50E600D245B4 /* BarkBuddyUITests */,
				7DE01DE02D9B50E400D245B4 /* Products */,
			);
			sourceTree = "<group>";
		};
		7DE01DE02D9B50E400D245B4 /* Products */ = {
			isa = PBXGroup;
			children = (
				7DE01DDF2D9B50E400D245B4 /* BarkBuddy.app */,
				7DE01DEF2D9B50E600D245B4 /* BarkBuddyTests.xctest */,
				7DE01DF92D9B50E600D245B4 /* BarkBuddyUITests.xctest */,
			);
			name = Products;
			sourceTree = "<group>";
		};
/* End PBXGroup section */

/* Begin PBXNativeTarget section */
		7DE01DDE2D9B50E400D245B4 /* BarkBuddy */ = {
			isa = PBXNativeTarget;
			buildConfigurationList = 7DE01E032D9B50E600D245B4 /* Build configuration list for PBXNativeTarget "BarkBuddy" */;
			buildPhases = (
				7DE01DDB2D9B50E400D245B4 /* Sources */,
				7DE01DDC2D9B50E400D245B4 /* Frameworks */,
				7DE01DDD2D9B50E400D245B4 /* Resources */,
			);
			buildRules = (
			);
			dependencies = (
			);
			fileSystemSynchronizedGroups = (
				7DE01DE12D9B50E400D245B4 /* BarkBuddy */,
			);
			name = BarkBuddy;
			packageProductDependencies = (
				7DE01E0D2D9B527400D245B4 /* FirebaseCore */,
				7DE01E0F2D9B52AC00D245B4 /* FirebaseFirestore */,
				7DE01E112D9B52AC00D245B4 /* FirebaseFunctions */,
				7DE01E132D9B52AC00D245B4 /* FirebaseStorage */,
				97FFE39E2DA4840D001578B6 /* FirebaseAuth */,
				97FFE3A02DA48479001578B6 /* FirebaseAnalytics */,
				97FFE3A22DA48479001578B6 /* FirebaseAnalyticsOnDeviceConversion */,
				97FFE3A42DA48479001578B6 /* FirebaseAnalyticsWithoutAdIdSupport */,
				97FFE3A62DA48479001578B6 /* FirebaseAppCheck */,
				97FFE3A82DA48479001578B6 /* FirebaseAppDistribution-Beta */,
				97FFE3AA2DA48479001578B6 /* FirebaseAuthCombine-Community */,
				97FFE3AC2DA48479001578B6 /* FirebaseCrashlytics */,
				97FFE3AE2DA48479001578B6 /* FirebaseDatabase */,
				97FFE3B02DA48479001578B6 /* FirebaseDynamicLinks */,
				97FFE3B22DA48479001578B6 /* FirebaseFirestoreCombine-Community */,
				97FFE3B42DA48479001578B6 /* FirebaseFunctionsCombine-Community */,
				97FFE3B62DA48479001578B6 /* FirebaseInAppMessaging-Beta */,
				97FFE3B82DA48479001578B6 /* FirebaseInstallations */,
				97FFE3BA2DA48479001578B6 /* FirebaseMLModelDownloader */,
				97FFE3BC2DA48479001578B6 /* FirebaseMessaging */,
				97FFE3BE2DA48479001578B6 /* FirebasePerformance */,
				97FFE3C02DA48479001578B6 /* FirebaseRemoteConfig */,
				97FFE3C22DA48479001578B6 /* FirebaseStorageCombine-Community */,
				97FFE3C42DA48479001578B6 /* FirebaseVertexAI */,
			);
			productName = BarkBuddy;
			productReference = 7DE01DDF2D9B50E400D245B4 /* BarkBuddy.app */;
			productType = "com.apple.product-type.application";
		};
		7DE01DEE2D9B50E600D245B4 /* BarkBuddyTests */ = {
			isa = PBXNativeTarget;
			buildConfigurationList = 7DE01E062D9B50E600D245B4 /* Build configuration list for PBXNativeTarget "BarkBuddyTests" */;
			buildPhases = (
				7DE01DEB2D9B50E600D245B4 /* Sources */,
				7DE01DEC2D9B50E600D245B4 /* Frameworks */,
				7DE01DED2D9B50E600D245B4 /* Resources */,
			);
			buildRules = (
			);
			dependencies = (
				7DE01DF12D9B50E600D245B4 /* PBXTargetDependency */,
			);
			fileSystemSynchronizedGroups = (
				7DE01DF22D9B50E600D245B4 /* BarkBuddyTests */,
			);
			name = BarkBuddyTests;
			packageProductDependencies = (
			);
			productName = BarkBuddyTests;
			productReference = 7DE01DEF2D9B50E600D245B4 /* BarkBuddyTests.xctest */;
			productType = "com.apple.product-type.bundle.unit-test";
		};
		7DE01DF82D9B50E600D245B4 /* BarkBuddyUITests */ = {
			isa = PBXNativeTarget;
			buildConfigurationList = 7DE01E092D9B50E600D245B4 /* Build configuration list for PBXNativeTarget "BarkBuddyUITests" */;
			buildPhases = (
				7DE01DF52D9B50E600D245B4 /* Sources */,
				7DE01DF62D9B50E600D245B4 /* Frameworks */,
				7DE01DF72D9B50E600D245B4 /* Resources */,
			);
			buildRules = (
			);
			dependencies = (
				7DE01DFB2D9B50E600D245B4 /* PBXTargetDependency */,
			);
			fileSystemSynchronizedGroups = (
				7DE01DFC2D9B50E600D245B4 /* BarkBuddyUITests */,
			);
			name = BarkBuddyUITests;
			packageProductDependencies = (
			);
			productName = BarkBuddyUITests;
			productReference = 7DE01DF92D9B50E600D245B4 /* BarkBuddyUITests.xctest */;
			productType = "com.apple.product-type.bundle.ui-testing";
		};
/* End PBXNativeTarget section */

/* Begin PBXProject section */
		7DE01DD72D9B50E400D245B4 /* Project object */ = {
			isa = PBXProject;
			attributes = {
				BuildIndependentTargetsInParallel = 1;
				LastSwiftUpdateCheck = 1620;
				LastUpgradeCheck = 1620;
				TargetAttributes = {
					7DE01DDE2D9B50E400D245B4 = {
						CreatedOnToolsVersion = 16.2;
					};
					7DE01DEE2D9B50E600D245B4 = {
						CreatedOnToolsVersion = 16.2;
						TestTargetID = 7DE01DDE2D9B50E400D245B4;
					};
					7DE01DF82D9B50E600D245B4 = {
						CreatedOnToolsVersion = 16.2;
						TestTargetID = 7DE01DDE2D9B50E400D245B4;
					};
				};
			};
			buildConfigurationList = 7DE01DDA2D9B50E400D245B4 /* Build configuration list for PBXProject "BarkBuddy" */;
			developmentRegion = en;
			hasScannedForEncodings = 0;
			knownRegions = (
				en,
				Base,
			);
			mainGroup = 7DE01DD62D9B50E400D245B4;
			minimizedProjectReferenceProxies = 1;
			packageReferences = (
				7DE01E0C2D9B51A800D245B4 /* XCRemoteSwiftPackageReference "firebase-ios-sdk" */,
			);
			preferredProjectObjectVersion = 77;
			productRefGroup = 7DE01DE02D9B50E400D245B4 /* Products */;
			projectDirPath = "";
			projectRoot = "";
			targets = (
				7DE01DDE2D9B50E400D245B4 /* BarkBuddy */,
				7DE01DEE2D9B50E600D245B4 /* BarkBuddyTests */,
				7DE01DF82D9B50E600D245B4 /* BarkBuddyUITests */,
			);
		};
/* End PBXProject section */

/* Begin PBXResourcesBuildPhase section */
		7DE01DDD2D9B50E400D245B4 /* Resources */ = {
			isa = PBXResourcesBuildPhase;
			buildActionMask = 2147483647;
			files = (
			);
			runOnlyForDeploymentPostprocessing = 0;
		};
		7DE01DED2D9B50E600D245B4 /* Resources */ = {
			isa = PBXResourcesBuildPhase;
			buildActionMask = 2147483647;
			files = (
			);
			runOnlyForDeploymentPostprocessing = 0;
		};
		7DE01DF72D9B50E600D245B4 /* Resources */ = {
			isa = PBXResourcesBuildPhase;
			buildActionMask = 2147483647;
			files = (
			);
			runOnlyForDeploymentPostprocessing = 0;
		};
/* End PBXResourcesBuildPhase section */

/* Begin PBXSourcesBuildPhase section */
		7DE01DDB2D9B50E400D245B4 /* Sources */ = {
			isa = PBXSourcesBuildPhase;
			buildActionMask = 2147483647;
			files = (
			);
			runOnlyForDeploymentPostprocessing = 0;
		};
		7DE01DEB2D9B50E600D245B4 /* Sources */ = {
			isa = PBXSourcesBuildPhase;
			buildActionMask = 2147483647;
			files = (
			);
			runOnlyForDeploymentPostprocessing = 0;
		};
		7DE01DF52D9B50E600D245B4 /* Sources */ = {
			isa = PBXSourcesBuildPhase;
			buildActionMask = 2147483647;
			files = (
			);
			runOnlyForDeploymentPostprocessing = 0;
		};
/* End PBXSourcesBuildPhase section */

/* Begin PBXTargetDependency section */
		7DE01DF12D9B50E600D245B4 /* PBXTargetDependency */ = {
			isa = PBXTargetDependency;
			target = 7DE01DDE2D9B50E400D245B4 /* BarkBuddy */;
			targetProxy = 7DE01DF02D9B50E600D245B4 /* PBXContainerItemProxy */;
		};
		7DE01DFB2D9B50E600D245B4 /* PBXTargetDependency */ = {
			isa = PBXTargetDependency;
			target = 7DE01DDE2D9B50E400D245B4 /* BarkBuddy */;
			targetProxy = 7DE01DFA2D9B50E600D245B4 /* PBXContainerItemProxy */;
		};
/* End PBXTargetDependency section */

/* Begin XCBuildConfiguration section */
		7DE01E012D9B50E600D245B4 /* Debug */ = {
			isa = XCBuildConfiguration;
			buildSettings = {
				ALWAYS_SEARCH_USER_PATHS = NO;
				ASSETCATALOG_COMPILER_GENERATE_SWIFT_ASSET_SYMBOL_EXTENSIONS = YES;
				CLANG_ANALYZER_NONNULL = YES;
				CLANG_ANALYZER_NUMBER_OBJECT_CONVERSION = YES_AGGRESSIVE;
				CLANG_CXX_LANGUAGE_STANDARD = "gnu++20";
				CLANG_ENABLE_MODULES = YES;
				CLANG_ENABLE_OBJC_ARC = YES;
				CLANG_ENABLE_OBJC_WEAK = YES;
				CLANG_WARN_BLOCK_CAPTURE_AUTORELEASING = YES;
				CLANG_WARN_BOOL_CONVERSION = YES;
				CLANG_WARN_COMMA = YES;
				CLANG_WARN_CONSTANT_CONVERSION = YES;
				CLANG_WARN_DEPRECATED_OBJC_IMPLEMENTATIONS = YES;
				CLANG_WARN_DIRECT_OBJC_ISA_USAGE = YES_ERROR;
				CLANG_WARN_DOCUMENTATION_COMMENTS = YES;
				CLANG_WARN_EMPTY_BODY = YES;
				CLANG_WARN_ENUM_CONVERSION = YES;
				CLANG_WARN_INFINITE_RECURSION = YES;
				CLANG_WARN_INT_CONVERSION = YES;
				CLANG_WARN_NON_LITERAL_NULL_CONVERSION = YES;
				CLANG_WARN_OBJC_IMPLICIT_RETAIN_SELF = YES;
				CLANG_WARN_OBJC_LITERAL_CONVERSION = YES;
				CLANG_WARN_OBJC_ROOT_CLASS = YES_ERROR;
				CLANG_WARN_QUOTED_INCLUDE_IN_FRAMEWORK_HEADER = YES;
				CLANG_WARN_RANGE_LOOP_ANALYSIS = YES;
				CLANG_WARN_STRICT_PROTOTYPES = YES;
				CLANG_WARN_SUSPICIOUS_MOVE = YES;
				CLANG_WARN_UNGUARDED_AVAILABILITY = YES_AGGRESSIVE;
				CLANG_WARN_UNREACHABLE_CODE = YES;
				CLANG_WARN__DUPLICATE_METHOD_MATCH = YES;
				COPY_PHASE_STRIP = NO;
				DEBUG_INFORMATION_FORMAT = dwarf;
				ENABLE_STRICT_OBJC_MSGSEND = YES;
				ENABLE_TESTABILITY = YES;
				ENABLE_USER_SCRIPT_SANDBOXING = YES;
				GCC_C_LANGUAGE_STANDARD = gnu17;
				GCC_DYNAMIC_NO_PIC = NO;
				GCC_NO_COMMON_BLOCKS = YES;
				GCC_OPTIMIZATION_LEVEL = 0;
				GCC_PREPROCESSOR_DEFINITIONS = (
					"DEBUG=1",
					"$(inherited)",
				);
				GCC_WARN_64_TO_32_BIT_CONVERSION = YES;
				GCC_WARN_ABOUT_RETURN_TYPE = YES_ERROR;
				GCC_WARN_UNDECLARED_SELECTOR = YES;
				GCC_WARN_UNINITIALIZED_AUTOS = YES_AGGRESSIVE;
				GCC_WARN_UNUSED_FUNCTION = YES;
				GCC_WARN_UNUSED_VARIABLE = YES;
				IPHONEOS_DEPLOYMENT_TARGET = 18.2;
				LOCALIZATION_PREFERS_STRING_CATALOGS = YES;
				MTL_ENABLE_DEBUG_INFO = INCLUDE_SOURCE;
				MTL_FAST_MATH = YES;
				ONLY_ACTIVE_ARCH = YES;
				SDKROOT = iphoneos;
				SWIFT_ACTIVE_COMPILATION_CONDITIONS = "DEBUG $(inherited)";
				SWIFT_OPTIMIZATION_LEVEL = "-Onone";
			};
			name = Debug;
		};
		7DE01E022D9B50E600D245B4 /* Release */ = {
			isa = XCBuildConfiguration;
			buildSettings = {
				ALWAYS_SEARCH_USER_PATHS = NO;
				ASSETCATALOG_COMPILER_GENERATE_SWIFT_ASSET_SYMBOL_EXTENSIONS = YES;
				CLANG_ANALYZER_NONNULL = YES;
				CLANG_ANALYZER_NUMBER_OBJECT_CONVERSION = YES_AGGRESSIVE;
				CLANG_CXX_LANGUAGE_STANDARD = "gnu++20";
				CLANG_ENABLE_MODULES = YES;
				CLANG_ENABLE_OBJC_ARC = YES;
				CLANG_ENABLE_OBJC_WEAK = YES;
				CLANG_WARN_BLOCK_CAPTURE_AUTORELEASING = YES;
				CLANG_WARN_BOOL_CONVERSION = YES;
				CLANG_WARN_COMMA = YES;
				CLANG_WARN_CONSTANT_CONVERSION = YES;
				CLANG_WARN_DEPRECATED_OBJC_IMPLEMENTATIONS = YES;
				CLANG_WARN_DIRECT_OBJC_ISA_USAGE = YES_ERROR;
				CLANG_WARN_DOCUMENTATION_COMMENTS = YES;
				CLANG_WARN_EMPTY_BODY = YES;
				CLANG_WARN_ENUM_CONVERSION = YES;
				CLANG_WARN_INFINITE_RECURSION = YES;
				CLANG_WARN_INT_CONVERSION = YES;
				CLANG_WARN_NON_LITERAL_NULL_CONVERSION = YES;
				CLANG_WARN_OBJC_IMPLICIT_RETAIN_SELF = YES;
				CLANG_WARN_OBJC_LITERAL_CONVERSION = YES;
				CLANG_WARN_OBJC_ROOT_CLASS = YES_ERROR;
				CLANG_WARN_QUOTED_INCLUDE_IN_FRAMEWORK_HEADER = YES;
				CLANG_WARN_RANGE_LOOP_ANALYSIS = YES;
				CLANG_WARN_STRICT_PROTOTYPES = YES;
				CLANG_WARN_SUSPICIOUS_MOVE = YES;
				CLANG_WARN_UNGUARDED_AVAILABILITY = YES_AGGRESSIVE;
				CLANG_WARN_UNREACHABLE_CODE = YES;
				CLANG_WARN__DUPLICATE_METHOD_MATCH = YES;
				COPY_PHASE_STRIP = NO;
				DEBUG_INFORMATION_FORMAT = "dwarf-with-dsym";
				ENABLE_NS_ASSERTIONS = NO;
				ENABLE_STRICT_OBJC_MSGSEND = YES;
				ENABLE_USER_SCRIPT_SANDBOXING = YES;
				GCC_C_LANGUAGE_STANDARD = gnu17;
				GCC_NO_COMMON_BLOCKS = YES;
				GCC_WARN_64_TO_32_BIT_CONVERSION = YES;
				GCC_WARN_ABOUT_RETURN_TYPE = YES_ERROR;
				GCC_WARN_UNDECLARED_SELECTOR = YES;
				GCC_WARN_UNINITIALIZED_AUTOS = YES_AGGRESSIVE;
				GCC_WARN_UNUSED_FUNCTION = YES;
				GCC_WARN_UNUSED_VARIABLE = YES;
				IPHONEOS_DEPLOYMENT_TARGET = 18.2;
				LOCALIZATION_PREFERS_STRING_CATALOGS = YES;
				MTL_ENABLE_DEBUG_INFO = NO;
				MTL_FAST_MATH = YES;
				SDKROOT = iphoneos;
				SWIFT_COMPILATION_MODE = wholemodule;
				VALIDATE_PRODUCT = YES;
			};
			name = Release;
		};
		7DE01E042D9B50E600D245B4 /* Debug */ = {
			isa = XCBuildConfiguration;
			buildSettings = {
				ASSETCATALOG_COMPILER_APPICON_NAME = AppIcon;
				ASSETCATALOG_COMPILER_GLOBAL_ACCENT_COLOR_NAME = AccentColor;
				CODE_SIGN_STYLE = Automatic;
				CURRENT_PROJECT_VERSION = 1;
				DEVELOPMENT_ASSET_PATHS = "\"BarkBuddy/Preview Content\"";
				DEVELOPMENT_TEAM = 3M9S3N3XNR;
				ENABLE_PREVIEWS = YES;
				GENERATE_INFOPLIST_FILE = YES;
				INFOPLIST_KEY_NSAppleMusicUsageDescription = "Allow Media access for pictures";
				INFOPLIST_KEY_NSLocationAlwaysAndWhenInUseUsageDescription = "Please allow live location";
				INFOPLIST_KEY_NSLocationAlwaysUsageDescription = "The app needs permission for live location";
				INFOPLIST_KEY_NSPhotoLibraryAddUsageDescription = "Allow Usage";
				INFOPLIST_KEY_NSPhotoLibraryUsageDescription = "Allow Usage";
				INFOPLIST_KEY_UIApplicationSceneManifest_Generation = YES;
				INFOPLIST_KEY_UIApplicationSupportsIndirectInputEvents = YES;
				INFOPLIST_KEY_UILaunchScreen_Generation = YES;
				INFOPLIST_KEY_UISupportedInterfaceOrientations_iPad = "UIInterfaceOrientationPortrait UIInterfaceOrientationPortraitUpsideDown UIInterfaceOrientationLandscapeLeft UIInterfaceOrientationLandscapeRight";
				INFOPLIST_KEY_UISupportedInterfaceOrientations_iPhone = "UIInterfaceOrientationPortrait UIInterfaceOrientationLandscapeLeft UIInterfaceOrientationLandscapeRight";
				LD_RUNPATH_SEARCH_PATHS = (
					"$(inherited)",
					"@executable_path/Frameworks",
				);
				MARKETING_VERSION = 1.0;
				PRODUCT_BUNDLE_IDENTIFIER = class.BarkBuddy;
				PRODUCT_NAME = "$(TARGET_NAME)";
				SWIFT_EMIT_LOC_STRINGS = YES;
				SWIFT_VERSION = 5.0;
				TARGETED_DEVICE_FAMILY = "1,2";
			};
			name = Debug;
		};
		7DE01E052D9B50E600D245B4 /* Release */ = {
			isa = XCBuildConfiguration;
			buildSettings = {
				ASSETCATALOG_COMPILER_APPICON_NAME = AppIcon;
				ASSETCATALOG_COMPILER_GLOBAL_ACCENT_COLOR_NAME = AccentColor;
				CODE_SIGN_STYLE = Automatic;
				CURRENT_PROJECT_VERSION = 1;
				DEVELOPMENT_ASSET_PATHS = "\"BarkBuddy/Preview Content\"";
				DEVELOPMENT_TEAM = 3M9S3N3XNR;
				ENABLE_PREVIEWS = YES;
				GENERATE_INFOPLIST_FILE = YES;
				INFOPLIST_KEY_NSAppleMusicUsageDescription = "Allow Media access for pictures";
				INFOPLIST_KEY_NSLocationAlwaysAndWhenInUseUsageDescription = "Please allow live location";
				INFOPLIST_KEY_NSLocationAlwaysUsageDescription = "The app needs permission for live location";
				INFOPLIST_KEY_NSPhotoLibraryAddUsageDescription = "Allow Usage";
				INFOPLIST_KEY_NSPhotoLibraryUsageDescription = "Allow Usage";
				INFOPLIST_KEY_UIApplicationSceneManifest_Generation = YES;
				INFOPLIST_KEY_UIApplicationSupportsIndirectInputEvents = YES;
				INFOPLIST_KEY_UILaunchScreen_Generation = YES;
				INFOPLIST_KEY_UISupportedInterfaceOrientations_iPad = "UIInterfaceOrientationPortrait UIInterfaceOrientationPortraitUpsideDown UIInterfaceOrientationLandscapeLeft UIInterfaceOrientationLandscapeRight";
				INFOPLIST_KEY_UISupportedInterfaceOrientations_iPhone = "UIInterfaceOrientationPortrait UIInterfaceOrientationLandscapeLeft UIInterfaceOrientationLandscapeRight";
				LD_RUNPATH_SEARCH_PATHS = (
					"$(inherited)",
					"@executable_path/Frameworks",
				);
				MARKETING_VERSION = 1.0;
				PRODUCT_BUNDLE_IDENTIFIER = class.BarkBuddy;
				PRODUCT_NAME = "$(TARGET_NAME)";
				SWIFT_EMIT_LOC_STRINGS = YES;
				SWIFT_VERSION = 5.0;
				TARGETED_DEVICE_FAMILY = "1,2";
			};
			name = Release;
		};
		7DE01E072D9B50E600D245B4 /* Debug */ = {
			isa = XCBuildConfiguration;
			buildSettings = {
				BUNDLE_LOADER = "$(TEST_HOST)";
				CODE_SIGN_STYLE = Automatic;
				CURRENT_PROJECT_VERSION = 1;
				DEVELOPMENT_TEAM = 3M9S3N3XNR;
				GENERATE_INFOPLIST_FILE = YES;
				IPHONEOS_DEPLOYMENT_TARGET = 18.2;
				MARKETING_VERSION = 1.0;
				PRODUCT_BUNDLE_IDENTIFIER = class.BarkBuddyTests;
				PRODUCT_NAME = "$(TARGET_NAME)";
				SWIFT_EMIT_LOC_STRINGS = NO;
				SWIFT_VERSION = 5.0;
				TARGETED_DEVICE_FAMILY = "1,2";
				TEST_HOST = "$(BUILT_PRODUCTS_DIR)/BarkBuddy.app/$(BUNDLE_EXECUTABLE_FOLDER_PATH)/BarkBuddy";
			};
			name = Debug;
		};
		7DE01E082D9B50E600D245B4 /* Release */ = {
			isa = XCBuildConfiguration;
			buildSettings = {
				BUNDLE_LOADER = "$(TEST_HOST)";
				CODE_SIGN_STYLE = Automatic;
				CURRENT_PROJECT_VERSION = 1;
				DEVELOPMENT_TEAM = 3M9S3N3XNR;
				GENERATE_INFOPLIST_FILE = YES;
				IPHONEOS_DEPLOYMENT_TARGET = 18.2;
				MARKETING_VERSION = 1.0;
				PRODUCT_BUNDLE_IDENTIFIER = class.BarkBuddyTests;
				PRODUCT_NAME = "$(TARGET_NAME)";
				SWIFT_EMIT_LOC_STRINGS = NO;
				SWIFT_VERSION = 5.0;
				TARGETED_DEVICE_FAMILY = "1,2";
				TEST_HOST = "$(BUILT_PRODUCTS_DIR)/BarkBuddy.app/$(BUNDLE_EXECUTABLE_FOLDER_PATH)/BarkBuddy";
			};
			name = Release;
		};
		7DE01E0A2D9B50E600D245B4 /* Debug */ = {
			isa = XCBuildConfiguration;
			buildSettings = {
				CODE_SIGN_STYLE = Automatic;
				CURRENT_PROJECT_VERSION = 1;
				DEVELOPMENT_TEAM = 3M9S3N3XNR;
				GENERATE_INFOPLIST_FILE = YES;
				MARKETING_VERSION = 1.0;
				PRODUCT_BUNDLE_IDENTIFIER = class.BarkBuddyUITests;
				PRODUCT_NAME = "$(TARGET_NAME)";
				SWIFT_EMIT_LOC_STRINGS = NO;
				SWIFT_VERSION = 5.0;
				TARGETED_DEVICE_FAMILY = "1,2";
				TEST_TARGET_NAME = BarkBuddy;
			};
			name = Debug;
		};
		7DE01E0B2D9B50E600D245B4 /* Release */ = {
			isa = XCBuildConfiguration;
			buildSettings = {
				CODE_SIGN_STYLE = Automatic;
				CURRENT_PROJECT_VERSION = 1;
				DEVELOPMENT_TEAM = 3M9S3N3XNR;
				GENERATE_INFOPLIST_FILE = YES;
				MARKETING_VERSION = 1.0;
				PRODUCT_BUNDLE_IDENTIFIER = class.BarkBuddyUITests;
				PRODUCT_NAME = "$(TARGET_NAME)";
				SWIFT_EMIT_LOC_STRINGS = NO;
				SWIFT_VERSION = 5.0;
				TARGETED_DEVICE_FAMILY = "1,2";
				TEST_TARGET_NAME = BarkBuddy;
			};
			name = Release;
		};
/* End XCBuildConfiguration section */

/* Begin XCConfigurationList section */
		7DE01DDA2D9B50E400D245B4 /* Build configuration list for PBXProject "BarkBuddy" */ = {
			isa = XCConfigurationList;
			buildConfigurations = (
				7DE01E012D9B50E600D245B4 /* Debug */,
				7DE01E022D9B50E600D245B4 /* Release */,
			);
			defaultConfigurationIsVisible = 0;
			defaultConfigurationName = Release;
		};
		7DE01E032D9B50E600D245B4 /* Build configuration list for PBXNativeTarget "BarkBuddy" */ = {
			isa = XCConfigurationList;
			buildConfigurations = (
				7DE01E042D9B50E600D245B4 /* Debug */,
				7DE01E052D9B50E600D245B4 /* Release */,
			);
			defaultConfigurationIsVisible = 0;
			defaultConfigurationName = Release;
		};
		7DE01E062D9B50E600D245B4 /* Build configuration list for PBXNativeTarget "BarkBuddyTests" */ = {
			isa = XCConfigurationList;
			buildConfigurations = (
				7DE01E072D9B50E600D245B4 /* Debug */,
				7DE01E082D9B50E600D245B4 /* Release */,
			);
			defaultConfigurationIsVisible = 0;
			defaultConfigurationName = Release;
		};
		7DE01E092D9B50E600D245B4 /* Build configuration list for PBXNativeTarget "BarkBuddyUITests" */ = {
			isa = XCConfigurationList;
			buildConfigurations = (
				7DE01E0A2D9B50E600D245B4 /* Debug */,
				7DE01E0B2D9B50E600D245B4 /* Release */,
			);
			defaultConfigurationIsVisible = 0;
			defaultConfigurationName = Release;
		};
/* End XCConfigurationList section */

/* Begin XCRemoteSwiftPackageReference section */
		7DE01E0C2D9B51A800D245B4 /* XCRemoteSwiftPackageReference "firebase-ios-sdk" */ = {
			isa = XCRemoteSwiftPackageReference;
			repositoryURL = "https://github.com/firebase/firebase-ios-sdk";
			requirement = {
				kind = upToNextMajorVersion;
				minimumVersion = 11.11.0;
			};
		};
/* End XCRemoteSwiftPackageReference section */

/* Begin XCSwiftPackageProductDependency section */
		7DE01E0D2D9B527400D245B4 /* FirebaseCore */ = {
			isa = XCSwiftPackageProductDependency;
			package = 7DE01E0C2D9B51A800D245B4 /* XCRemoteSwiftPackageReference "firebase-ios-sdk" */;
			productName = FirebaseCore;
		};
		7DE01E0F2D9B52AC00D245B4 /* FirebaseFirestore */ = {
			isa = XCSwiftPackageProductDependency;
			package = 7DE01E0C2D9B51A800D245B4 /* XCRemoteSwiftPackageReference "firebase-ios-sdk" */;
			productName = FirebaseFirestore;
		};
		7DE01E112D9B52AC00D245B4 /* FirebaseFunctions */ = {
			isa = XCSwiftPackageProductDependency;
			package = 7DE01E0C2D9B51A800D245B4 /* XCRemoteSwiftPackageReference "firebase-ios-sdk" */;
			productName = FirebaseFunctions;
		};
		7DE01E132D9B52AC00D245B4 /* FirebaseStorage */ = {
			isa = XCSwiftPackageProductDependency;
			package = 7DE01E0C2D9B51A800D245B4 /* XCRemoteSwiftPackageReference "firebase-ios-sdk" */;
			productName = FirebaseStorage;
		};
		97FFE39E2DA4840D001578B6 /* FirebaseAuth */ = {
			isa = XCSwiftPackageProductDependency;
			package = 7DE01E0C2D9B51A800D245B4 /* XCRemoteSwiftPackageReference "firebase-ios-sdk" */;
			productName = FirebaseAuth;
		};
		97FFE3A02DA48479001578B6 /* FirebaseAnalytics */ = {
			isa = XCSwiftPackageProductDependency;
			package = 7DE01E0C2D9B51A800D245B4 /* XCRemoteSwiftPackageReference "firebase-ios-sdk" */;
			productName = FirebaseAnalytics;
		};
		97FFE3A22DA48479001578B6 /* FirebaseAnalyticsOnDeviceConversion */ = {
			isa = XCSwiftPackageProductDependency;
			package = 7DE01E0C2D9B51A800D245B4 /* XCRemoteSwiftPackageReference "firebase-ios-sdk" */;
			productName = FirebaseAnalyticsOnDeviceConversion;
		};
		97FFE3A42DA48479001578B6 /* FirebaseAnalyticsWithoutAdIdSupport */ = {
			isa = XCSwiftPackageProductDependency;
			package = 7DE01E0C2D9B51A800D245B4 /* XCRemoteSwiftPackageReference "firebase-ios-sdk" */;
			productName = FirebaseAnalyticsWithoutAdIdSupport;
		};
		97FFE3A62DA48479001578B6 /* FirebaseAppCheck */ = {
			isa = XCSwiftPackageProductDependency;
			package = 7DE01E0C2D9B51A800D245B4 /* XCRemoteSwiftPackageReference "firebase-ios-sdk" */;
			productName = FirebaseAppCheck;
		};
		97FFE3A82DA48479001578B6 /* FirebaseAppDistribution-Beta */ = {
			isa = XCSwiftPackageProductDependency;
			package = 7DE01E0C2D9B51A800D245B4 /* XCRemoteSwiftPackageReference "firebase-ios-sdk" */;
			productName = "FirebaseAppDistribution-Beta";
		};
		97FFE3AA2DA48479001578B6 /* FirebaseAuthCombine-Community */ = {
			isa = XCSwiftPackageProductDependency;
			package = 7DE01E0C2D9B51A800D245B4 /* XCRemoteSwiftPackageReference "firebase-ios-sdk" */;
			productName = "FirebaseAuthCombine-Community";
		};
		97FFE3AC2DA48479001578B6 /* FirebaseCrashlytics */ = {
			isa = XCSwiftPackageProductDependency;
			package = 7DE01E0C2D9B51A800D245B4 /* XCRemoteSwiftPackageReference "firebase-ios-sdk" */;
			productName = FirebaseCrashlytics;
		};
		97FFE3AE2DA48479001578B6 /* FirebaseDatabase */ = {
			isa = XCSwiftPackageProductDependency;
			package = 7DE01E0C2D9B51A800D245B4 /* XCRemoteSwiftPackageReference "firebase-ios-sdk" */;
			productName = FirebaseDatabase;
		};
		97FFE3B02DA48479001578B6 /* FirebaseDynamicLinks */ = {
			isa = XCSwiftPackageProductDependency;
			package = 7DE01E0C2D9B51A800D245B4 /* XCRemoteSwiftPackageReference "firebase-ios-sdk" */;
			productName = FirebaseDynamicLinks;
		};
		97FFE3B22DA48479001578B6 /* FirebaseFirestoreCombine-Community */ = {
			isa = XCSwiftPackageProductDependency;
			package = 7DE01E0C2D9B51A800D245B4 /* XCRemoteSwiftPackageReference "firebase-ios-sdk" */;
			productName = "FirebaseFirestoreCombine-Community";
		};
		97FFE3B42DA48479001578B6 /* FirebaseFunctionsCombine-Community */ = {
			isa = XCSwiftPackageProductDependency;
			package = 7DE01E0C2D9B51A800D245B4 /* XCRemoteSwiftPackageReference "firebase-ios-sdk" */;
			productName = "FirebaseFunctionsCombine-Community";
		};
		97FFE3B62DA48479001578B6 /* FirebaseInAppMessaging-Beta */ = {
			isa = XCSwiftPackageProductDependency;
			package = 7DE01E0C2D9B51A800D245B4 /* XCRemoteSwiftPackageReference "firebase-ios-sdk" */;
			productName = "FirebaseInAppMessaging-Beta";
		};
		97FFE3B82DA48479001578B6 /* FirebaseInstallations */ = {
			isa = XCSwiftPackageProductDependency;
			package = 7DE01E0C2D9B51A800D245B4 /* XCRemoteSwiftPackageReference "firebase-ios-sdk" */;
			productName = FirebaseInstallations;
		};
		97FFE3BA2DA48479001578B6 /* FirebaseMLModelDownloader */ = {
			isa = XCSwiftPackageProductDependency;
			package = 7DE01E0C2D9B51A800D245B4 /* XCRemoteSwiftPackageReference "firebase-ios-sdk" */;
			productName = FirebaseMLModelDownloader;
		};
		97FFE3BC2DA48479001578B6 /* FirebaseMessaging */ = {
			isa = XCSwiftPackageProductDependency;
			package = 7DE01E0C2D9B51A800D245B4 /* XCRemoteSwiftPackageReference "firebase-ios-sdk" */;
			productName = FirebaseMessaging;
		};
		97FFE3BE2DA48479001578B6 /* FirebasePerformance */ = {
			isa = XCSwiftPackageProductDependency;
			package = 7DE01E0C2D9B51A800D245B4 /* XCRemoteSwiftPackageReference "firebase-ios-sdk" */;
			productName = FirebasePerformance;
		};
		97FFE3C02DA48479001578B6 /* FirebaseRemoteConfig */ = {
			isa = XCSwiftPackageProductDependency;
			package = 7DE01E0C2D9B51A800D245B4 /* XCRemoteSwiftPackageReference "firebase-ios-sdk" */;
			productName = FirebaseRemoteConfig;
		};
		97FFE3C22DA48479001578B6 /* FirebaseStorageCombine-Community */ = {
			isa = XCSwiftPackageProductDependency;
			package = 7DE01E0C2D9B51A800D245B4 /* XCRemoteSwiftPackageReference "firebase-ios-sdk" */;
			productName = "FirebaseStorageCombine-Community";
		};
		97FFE3C42DA48479001578B6 /* FirebaseVertexAI */ = {
			isa = XCSwiftPackageProductDependency;
			package = 7DE01E0C2D9B51A800D245B4 /* XCRemoteSwiftPackageReference "firebase-ios-sdk" */;
			productName = FirebaseVertexAI;
		};
/* End XCSwiftPackageProductDependency section */
	};
	rootObject = 7DE01DD72D9B50E400D245B4 /* Project object */;
}
